
Microsoft Visual Studio Solution File, Format Version 12.00
# Visual Studio 15
VisualStudioVersion = 15.0.27703.2026
MinimumVisualStudioVersion = 10.0.40219.1
Project("{8BC9CEB8-8B4A-11D0-8D11-00A0C91BC942}") = "implementStackUsingLinkedList", "implementStackUsingLinkedList\implementStackUsingLinkedList.vcxproj", "{5AF02386-EEFD-4D5C-844A-B306FDD6506E}"
EndProject
Global
	GlobalSection(SolutionConfigurationPlatforms) = preSolution
		Debug|x64 = Debug|x64
		Debug|x86 = Debug|x86
		Release|x64 = Release|x64
		Release|x86 = Release|x86
	EndGlobalSection
	GlobalSection(ProjectConfigurationPlatforms) = postSolution
		{5AF02386-EEFD-4D5C-844A-B306FDD6506E}.Debug|x64.ActiveCfg = Debug|x64
		{5AF02386-EEFD-4D5C-844A-B306FDD6506E}.Debug|x64.Build.0 = Debug|x64
		{5AF02386-EEFD-4D5C-844A-B306FDD6506E}.Debug|x86.ActiveCfg = Debug|Win32
		{5AF02386-EEFD-4D5C-844A-B306FDD6506E}.Debug|x86.Build.0 = Debug|Win32
		{5AF02386-EEFD-4D5C-844A-B306FDD6506E}.Release|x64.ActiveCfg = Release|x64
		{5AF02386-EEFD-4D5C-844A-B306FDD6506E}.Release|x64.Build.0 = Release|x64
		{5AF02386-EEFD-4D5C-844A-B306FDD6506E}.Release|x86.ActiveCfg = Release|Win32
		{5AF02386-EEFD-4D5C-844A-B306FDD6506E}.Release|x86.Build.0 = Release|Win32
	EndGlobalSection
	GlobalSection(SolutionProperties) = preSolution
		HideSolutionNode = FALSE
	EndGlobalSection
	GlobalSection(ExtensibilityGlobals) = postSolution
		SolutionGuid = {7A70B8B6-05B4-4181-875D-DA70447E3433}
	EndGlobalSection
EndGlobal
